// !$*UTF8*$!
{
	archiveVersion = 1;
	classes = {
	};
	objectVersion = 46;
	objects = {

/* Begin PBXBuildFile section */
		D75590B01B092F0600DEFB27 /* main.m in Sources */ = {isa = PBXBuildFile; fileRef = D75590AF1B092F0600DEFB27 /* main.m */; };
		D75590B31B092F0600DEFB27 /* AppDelegate.m in Sources */ = {isa = PBXBuildFile; fileRef = D75590B21B092F0600DEFB27 /* AppDelegate.m */; };
		D75590B61B092F0600DEFB27 /* ViewController.m in Sources */ = {isa = PBXBuildFile; fileRef = D75590B51B092F0600DEFB27 /* ViewController.m */; };
		D75590B91B092F0600DEFB27 /* Main.storyboard in Resources */ = {isa = PBXBuildFile; fileRef = D75590B71B092F0600DEFB27 /* Main.storyboard */; };
		D75590BB1B092F0600DEFB27 /* Images.xcassets in Resources */ = {isa = PBXBuildFile; fileRef = D75590BA1B092F0600DEFB27 /* Images.xcassets */; };
		D75590BE1B092F0600DEFB27 /* LaunchScreen.xib in Resources */ = {isa = PBXBuildFile; fileRef = D75590BC1B092F0600DEFB27 /* LaunchScreen.xib */; };
		D75590CA1B092F0600DEFB27 /* RobotOnOffTests.m in Sources */ = {isa = PBXBuildFile; fileRef = D75590C91B092F0600DEFB27 /* RobotOnOffTests.m */; };
/* End PBXBuildFile section */

/* Begin PBXContainerItemProxy section */
		D75590C41B092F0600DEFB27 /* PBXContainerItemProxy */ = {
			isa = PBXContainerItemProxy;
			containerPortal = D75590A21B092F0500DEFB27 /* Project object */;
			proxyType = 1;
			remoteGlobalIDString = D75590A91B092F0500DEFB27;
			remoteInfo = RobotOnOff;
		};
/* End PBXContainerItemProxy section */

/* Begin PBXFileReference section */
		D75590AA1B092F0500DEFB27 /* RobotOnOff.app */ = {isa = PBXFileReference; explicitFileType = wrapper.application; includeInIndex = 0; path = RobotOnOff.app; sourceTree = BUILT_PRODUCTS_DIR; };
		D75590AE1B092F0600DEFB27 /* Info.plist */ = {isa = PBXFileReference; lastKnownFileType = text.plist.xml; path = Info.plist; sourceTree = "<group>"; };
		D75590AF1B092F0600DEFB27 /* main.m */ = {isa = PBXFileReference; lastKnownFileType = sourcecode.c.objc; path = main.m; sourceTree = "<group>"; };
		D75590B11B092F0600DEFB27 /* AppDelegate.h */ = {isa = PBXFileReference; lastKnownFileType = sourcecode.c.h; path = AppDelegate.h; sourceTree = "<group>"; };
		D75590B21B092F0600DEFB27 /* AppDelegate.m */ = {isa = PBXFileReference; lastKnownFileType = sourcecode.c.objc; path = AppDelegate.m; sourceTree = "<group>"; };
		D75590B41B092F0600DEFB27 /* ViewController.h */ = {isa = PBXFileReference; lastKnownFileType = sourcecode.c.h; path = ViewController.h; sourceTree = "<group>"; };
		D75590B51B092F0600DEFB27 /* ViewController.m */ = {isa = PBXFileReference; lastKnownFileType = sourcecode.c.objc; path = ViewController.m; sourceTree = "<group>"; };
		D75590B81B092F0600DEFB27 /* Base */ = {isa = PBXFileReference; lastKnownFileType = file.storyboard; name = Base; path = Base.lproj/Main.storyboard; sourceTree = "<group>"; };
		D75590BA1B092F0600DEFB27 /* Images.xcassets */ = {isa = PBXFileReference; lastKnownFileType = folder.assetcatalog; path = Images.xcassets; sourceTree = "<group>"; };
		D75590BD1B092F0600DEFB27 /* Base */ = {isa = PBXFileReference; lastKnownFileType = file.xib; name = Base; path = Base.lproj/LaunchScreen.xib; sourceTree = "<group>"; };
		D75590C31B092F0600DEFB27 /* RobotOnOffTests.xctest */ = {isa = PBXFileReference; explicitFileType = wrapper.cfbundle; includeInIndex = 0; path = RobotOnOffTests.xctest; sourceTree = BUILT_PRODUCTS_DIR; };
		D75590C81B092F0600DEFB27 /* Info.plist */ = {isa = PBXFileReference; lastKnownFileType = text.plist.xml; path = Info.plist; sourceTree = "<group>"; };
		D75590C91B092F0600DEFB27 /* RobotOnOffTests.m */ = {isa = PBXFileReference; lastKnownFileType = sourcecode.c.objc; path = RobotOnOffTests.m; sourceTree = "<group>"; };
/* End PBXFileReference section */

/* Begin PBXFrameworksBuildPhase section */
		D75590A71B092F0500DEFB27 /* Frameworks */ = {
			isa = PBXFrameworksBuildPhase;
			buildActionMask = 2147483647;
			files = (
			);
			runOnlyForDeploymentPostprocessing = 0;
		};
		D75590C01B092F0600DEFB27 /* Frameworks */ = {
			isa = PBXFrameworksBuildPhase;
			buildActionMask = 2147483647;
			files = (
			);
			runOnlyForDeploymentPostprocessing = 0;
		};
/* End PBXFrameworksBuildPhase section */

/* Begin PBXGroup section */
		D75590A11B092F0500DEFB27 = {
			isa = PBXGroup;
			children = (
				D75590AC1B092F0500DEFB27 /* RobotOnOff */,
				D75590C61B092F0600DEFB27 /* RobotOnOffTests */,
				D75590AB1B092F0500DEFB27 /* Products */,
			);
			sourceTree = "<group>";
		};
		D75590AB1B092F0500DEFB27 /* Products */ = {
			isa = PBXGroup;
			children = (
				D75590AA1B092F0500DEFB27 /* RobotOnOff.app */,
				D75590C31B092F0600DEFB27 /* RobotOnOffTests.xctest */,
			);
			name = Products;
			sourceTree = "<group>";
		};
		D75590AC1B092F0500DEFB27 /* RobotOnOff */ = {
			isa = PBXGroup;
			children = (
				D75590B11B092F0600DEFB27 /* AppDelegate.h */,
				D75590B21B092F0600DEFB27 /* AppDelegate.m */,
				D75590B41B092F0600DEFB27 /* ViewController.h */,
				D75590B51B092F0600DEFB27 /* ViewController.m */,
				D75590B71B092F0600DEFB27 /* Main.storyboard */,
				D75590BA1B092F0600DEFB27 /* Images.xcassets */,
				D75590BC1B092F0600DEFB27 /* LaunchScreen.xib */,
				D75590AD1B092F0500DEFB27 /* Supporting Files */,
			);
			path = RobotOnOff;
			sourceTree = "<group>";
		};
		D75590AD1B092F0500DEFB27 /* Supporting Files */ = {
			isa = PBXGroup;
			children = (
				D75590AE1B092F0600DEFB27 /* Info.plist */,
				D75590AF1B092F0600DEFB27 /* main.m */,
			);
			name = "Supporting Files";
			sourceTree = "<group>";
		};
		D75590C61B092F0600DEFB27 /* RobotOnOffTests */ = {
			isa = PBXGroup;
			children = (
				D75590C91B092F0600DEFB27 /* RobotOnOffTests.m */,
				D75590C71B092F0600DEFB27 /* Supporting Files */,
			);
			path = RobotOnOffTests;
			sourceTree = "<group>";
		};
		D75590C71B092F0600DEFB27 /* Supporting Files */ = {
			isa = PBXGroup;
			children = (
				D75590C81B092F0600DEFB27 /* Info.plist */,
			);
			name = "Supporting Files";
			sourceTree = "<group>";
		};
/* End PBXGroup section */

/* Begin PBXNativeTarget section */
		D75590A91B092F0500DEFB27 /* RobotOnOff */ = {
			isa = PBXNativeTarget;
			buildConfigurationList = D75590CD1B092F0600DEFB27 /* Build configuration list for PBXNativeTarget "RobotOnOff" */;
			buildPhases = (
				D75590A61B092F0500DEFB27 /* Sources */,
				D75590A71B092F0500DEFB27 /* Frameworks */,
				D75590A81B092F0500DEFB27 /* Resources */,
			);
			buildRules = (
			);
			dependencies = (
			);
			name = RobotOnOff;
			productName = RobotOnOff;
			productReference = D75590AA1B092F0500DEFB27 /* RobotOnOff.app */;
			productType = "com.apple.product-type.application";
		};
		D75590C21B092F0600DEFB27 /* RobotOnOffTests */ = {
			isa = PBXNativeTarget;
			buildConfigurationList = D75590D01B092F0600DEFB27 /* Build configuration list for PBXNativeTarget "RobotOnOffTests" */;
			buildPhases = (
				D75590BF1B092F0600DEFB27 /* Sources */,
				D75590C01B092F0600DEFB27 /* Frameworks */,
				D75590C11B092F0600DEFB27 /* Resources */,
			);
			buildRules = (
			);
			dependencies = (
				D75590C51B092F0600DEFB27 /* PBXTargetDependency */,
			);
			name = RobotOnOffTests;
			productName = RobotOnOffTests;
			productReference = D75590C31B092F0600DEFB27 /* RobotOnOffTests.xctest */;
			productType = "com.apple.product-type.bundle.unit-test";
		};
/* End PBXNativeTarget section */

/* Begin PBXProject section */
		D75590A21B092F0500DEFB27 /* Project object */ = {
			isa = PBXProject;
			attributes = {
				LastUpgradeCheck = 0630;
				ORGANIZATIONNAME = "Marek Sadowski";
				TargetAttributes = {
					D75590A91B092F0500DEFB27 = {
						CreatedOnToolsVersion = 6.3.1;
					};
					D75590C21B092F0600DEFB27 = {
						CreatedOnToolsVersion = 6.3.1;
						TestTargetID = D75590A91B092F0500DEFB27;
					};
				};
			};
			buildConfigurationList = D75590A51B092F0500DEFB27 /* Build configuration list for PBXProject "RobotOnOff" */;
			compatibilityVersion = "Xcode 3.2";
			developmentRegion = English;
			hasScannedForEncodings = 0;
			knownRegions = (
				en,
				Base,
			);
			mainGroup = D75590A11B092F0500DEFB27;
			productRefGroup = D75590AB1B092F0500DEFB27 /* Products */;
			projectDirPath = "";
			projectRoot = "";
			targets = (
				D75590A91B092F0500DEFB27 /* RobotOnOff */,
				D75590C21B092F0600DEFB27 /* RobotOnOffTests */,
			);
		};
/* End PBXProject section */

/* Begin PBXResourcesBuildPhase section */
		D75590A81B092F0500DEFB27 /* Resources */ = {
			isa = PBXResourcesBuildPhase;
			buildActionMask = 2147483647;
			files = (
				D75590B91B092F0600DEFB27 /* Main.storyboard in Resources */,
				D75590BE1B092F0600DEFB27 /* LaunchScreen.xib in Resources */,
				D75590BB1B092F0600DEFB27 /* Images.xcassets in Resources */,
			);
			runOnlyForDeploymentPostprocessing = 0;
		};
		D75590C11B092F0600DEFB27 /* Resources */ = {
			isa = PBXResourcesBuildPhase;
			buildActionMask = 2147483647;
			files = (
			);
			runOnlyForDeploymentPostprocessing = 0;
		};
/* End PBXResourcesBuildPhase section */

/* Begin PBXSourcesBuildPhase section */
		D75590A61B092F0500DEFB27 /* Sources */ = {
			isa = PBXSourcesBuildPhase;
			buildActionMask = 2147483647;
			files = (
				D75590B61B092F0600DEFB27 /* ViewController.m in Sources */,
				D75590B31B092F0600DEFB27 /* AppDelegate.m in Sources */,
				D75590B01B092F0600DEFB27 /* main.m in Sources */,
			);
			runOnlyForDeploymentPostprocessing = 0;
		};
		D75590BF1B092F0600DEFB27 /* Sources */ = {
			isa = PBXSourcesBuildPhase;
			buildActionMask = 2147483647;
			files = (
				D75590CA1B092F0600DEFB27 /* RobotOnOffTests.m in Sources */,
			);
			runOnlyForDeploymentPostprocessing = 0;
		};
/* End PBXSourcesBuildPhase section */

/* Begin PBXTargetDependency section */
		D75590C51B092F0600DEFB27 /* PBXTargetDependency */ = {
			isa = PBXTargetDependency;
			target = D75590A91B092F0500DEFB27 /* RobotOnOff */;
			targetProxy = D75590C41B092F0600DEFB27 /* PBXContainerItemProxy */;
		};
/* End PBXTargetDependency section */

/* Begin PBXVariantGroup section */
		D75590B71B092F0600DEFB27 /* Main.storyboard */ = {
			isa = PBXVariantGroup;
			children = (
				D75590B81B092F0600DEFB27 /* Base */,
			);
			name = Main.storyboard;
			sourceTree = "<group>";
		};
		D75590BC1B092F0600DEFB27 /* LaunchScreen.xib */ = {
			isa = PBXVariantGroup;
			children = (
				D75590BD1B092F0600DEFB27 /* Base */,
			);
			name = LaunchScreen.xib;
			sourceTree = "<group>";
		};
/* End PBXVariantGroup section */

/* Begin XCBuildConfiguration section */
		D75590CB1B092F0600DEFB27 /* Debug */ = {
			isa = XCBuildConfiguration;
			buildSettings = {
				ALWAYS_SEARCH_USER_PATHS = NO;
				CLANG_CXX_LANGUAGE_STANDARD = "gnu++0x";
				CLANG_CXX_LIBRARY = "libc++";
				CLANG_ENABLE_MODULES = YES;
				CLANG_ENABLE_OBJC_ARC = YES;
				CLANG_WARN_BOOL_CONVERSION = YES;
				CLANG_WARN_CONSTANT_CONVERSION = YES;
				CLANG_WARN_DIRECT_OBJC_ISA_USAGE = YES_ERROR;
				CLANG_WARN_EMPTY_BODY = YES;
				CLANG_WARN_ENUM_CONVERSION = YES;
				CLANG_WARN_INT_CONVERSION = YES;
				CLANG_WARN_OBJC_ROOT_CLASS = YES_ERROR;
				CLANG_WARN_UNREACHABLE_CODE = YES;
				CLANG_WARN__DUPLICATE_METHOD_MATCH = YES;
				"CODE_SIGN_IDENTITY[sdk=iphoneos*]" = "iPhone Developer";
				COPY_PHASE_STRIP = NO;
				DEBUG_INFORMATION_FORMAT = "dwarf-with-dsym";
				ENABLE_STRICT_OBJC_MSGSEND = YES;
				GCC_C_LANGUAGE_STANDARD = gnu99;
				GCC_DYNAMIC_NO_PIC = NO;
				GCC_NO_COMMON_BLOCKS = YES;
				GCC_OPTIMIZATION_LEVEL = 0;
				GCC_PREPROCESSOR_DEFINITIONS = (
					"DEBUG=1",
					"$(inherited)",
				);
				GCC_SYMBOLS_PRIVATE_EXTERN = NO;
				GCC_WARN_64_TO_32_BIT_CONVERSION = YES;
				GCC_WARN_ABOUT_RETURN_TYPE = YES_ERROR;
				GCC_WARN_UNDECLARED_SELECTOR = YES;
				GCC_WARN_UNINITIALIZED_AUTOS = YES_AGGRESSIVE;
				GCC_WARN_UNUSED_FUNCTION = YES;
				GCC_WARN_UNUSED_VARIABLE = YES;
				IPHONEOS_DEPLOYMENT_TARGET = 8.3;
				MTL_ENABLE_DEBUG_INFO = YES;
				ONLY_ACTIVE_ARCH = YES;
				SDKROOT = iphoneos;
			};
			name = Debug;
		};
		D75590CC1B092F0600DEFB27 /* Release */ = {
			isa = XCBuildConfiguration;
			buildSettings = {
				ALWAYS_SEARCH_USER_PATHS = NO;
				CLANG_CXX_LANGUAGE_STANDARD = "gnu++0x";
				CLANG_CXX_LIBRARY = "libc++";
				CLANG_ENABLE_MODULES = YES;
				CLANG_ENABLE_OBJC_ARC = YES;
				CLANG_WARN_BOOL_CONVERSION = YES;
				CLANG_WARN_CONSTANT_CONVERSION = YES;
				CLANG_WARN_DIRECT_OBJC_ISA_USAGE = YES_ERROR;
				CLANG_WARN_EMPTY_BODY = YES;
				CLANG_WARN_ENUM_CONVERSION = YES;
				CLANG_WARN_INT_CONVERSION = YES;
				CLANG_WARN_OBJC_ROOT_CLASS = YES_ERROR;
				CLANG_WARN_UNREACHABLE_CODE = YES;
				CLANG_WARN__DUPLICATE_METHOD_MATCH = YES;
				"CODE_SIGN_IDENTITY[sdk=iphoneos*]" = "iPhone Developer";
				COPY_PHASE_STRIP = NO;
				DEBUG_INFORMATION_FORMAT = "dwarf-with-dsym";
				ENABLE_NS_ASSERTIONS = NO;
				ENABLE_STRICT_OBJC_MSGSEND = YES;
				GCC_C_LANGUAGE_STANDARD = gnu99;
				GCC_NO_COMMON_BLOCKS = YES;
				GCC_WARN_64_TO_32_BIT_CONVERSION = YES;
				GCC_WARN_ABOUT_RETURN_TYPE = YES_ERROR;
				GCC_WARN_UNDECLARED_SELECTOR = YES;
				GCC_WARN_UNINITIALIZED_AUTOS = YES_AGGRESSIVE;
				GCC_WARN_UNUSED_FUNCTION = YES;
				GCC_WARN_UNUSED_VARIABLE = YES;
				IPHONEOS_DEPLOYMENT_TARGET = 8.3;
				MTL_ENABLE_DEBUG_INFO = NO;
				SDKROOT = iphoneos;
				VALIDATE_PRODUCT = YES;
			};
			name = Release;
		};
		D75590CE1B092F0600DEFB27 /* Debug */ = {
			isa = XCBuildConfiguration;
			buildSettings = {
				ASSETCATALOG_COMPILER_APPICON_NAME = AppIcon;
				INFOPLIST_FILE = RobotOnOff/Info.plist;
				LD_RUNPATH_SEARCH_PATHS = "$(inherited) @executable_path/Frameworks";
				PRODUCT_NAME = "$(TARGET_NAME)";
			};
			name = Debug;
		};
		D75590CF1B092F0600DEFB27 /* Release */ = {
			isa = XCBuildConfiguration;
			buildSettings = {
				ASSETCATALOG_COMPILER_APPICON_NAME = AppIcon;
				INFOPLIST_FILE = RobotOnOff/Info.plist;
				LD_RUNPATH_SEARCH_PATHS = "$(inherited) @executable_path/Frameworks";
				PRODUCT_NAME = "$(TARGET_NAME)";
			};
			name = Release;
		};
		D75590D11B092F0600DEFB27 /* Debug */ = {
			isa = XCBuildConfiguration;
			buildSettings = {
				BUNDLE_LOADER = "$(TEST_HOST)";
				FRAMEWORK_SEARCH_PATHS = (
					"$(SDKROOT)/Developer/Library/Frameworks",
					"$(inherited)",
				);
				GCC_PREPROCESSOR_DEFINITIONS = (
					"DEBUG=1",
					"$(inherited)",
				);
				INFOPLIST_FILE = RobotOnOffTests/Info.plist;
				LD_RUNPATH_SEARCH_PATHS = "$(inherited) @executable_path/Frameworks @loader_path/Frameworks";
				PRODUCT_NAME = "$(TARGET_NAME)";
				TEST_HOST = "$(BUILT_PRODUCTS_DIR)/RobotOnOff.app/RobotOnOff";
			};
			name = Debug;
		};
		D75590D21B092F0600DEFB27 /* Release */ = {
			isa = XCBuildConfiguration;
			buildSettings = {
				BUNDLE_LOADER = "$(TEST_HOST)";
				FRAMEWORK_SEARCH_PATHS = (
					"$(SDKROOT)/Developer/Library/Frameworks",
					"$(inherited)",
				);
				INFOPLIST_FILE = RobotOnOffTests/Info.plist;
				LD_RUNPATH_SEARCH_PATHS = "$(inherited) @executable_path/Frameworks @loader_path/Frameworks";
				PRODUCT_NAME = "$(TARGET_NAME)";
				TEST_HOST = "$(BUILT_PRODUCTS_DIR)/RobotOnOff.app/RobotOnOff";
			};
			name = Release;
		};
/* End XCBuildConfiguration section */

/* Begin XCConfigurationList section */
		D75590A51B092F0500DEFB27 /* Build configuration list for PBXProject "RobotOnOff" */ = {
			isa = XCConfigurationList;
			buildConfigurations = (
				D75590CB1B092F0600DEFB27 /* Debug */,
				D75590CC1B092F0600DEFB27 /* Release */,
			);
			defaultConfigurationIsVisible = 0;
			defaultConfigurationName = Release;
		};
		D75590CD1B092F0600DEFB27 /* Build configuration list for PBXNativeTarget "RobotOnOff" */ = {
			isa = XCConfigurationList;
			buildConfigurations = (
				D75590CE1B092F0600DEFB27 /* Debug */,
				D75590CF1B092F0600DEFB27 /* Release */,
			);
			defaultConfigurationIsVisible = 0;
		};
		D75590D01B092F0600DEFB27 /* Build configuration list for PBXNativeTarget "RobotOnOffTests" */ = {
			isa = XCConfigurationList;
			buildConfigurations = (
				D75590D11B092F0600DEFB27 /* Debug */,
				D75590D21B092F0600DEFB27 /* Release */,
			);
			defaultConfigurationIsVisible = 0;
		};
/* End XCConfigurationList section */
	};
	rootObject = D75590A21B092F0500DEFB27 /* Project object */;
}
